
Microsoft Visual Studio Solution File, Format Version 12.00
Project("{FAE04EC0-301F-11D3-BF4B-00C04F79EFBC}") = "Scooters", "Scooters\Scooters.csproj", "{5349694C-BCFA-49FC-B038-C6662A2DA44A}"
EndProject
Project("{FAE04EC0-301F-11D3-BF4B-00C04F79EFBC}") = "Domain", "Domain\Domain.csproj", "{52F4F91B-0A73-4ADF-9E85-70BF19151590}"
EndProject
Project("{FAE04EC0-301F-11D3-BF4B-00C04F79EFBC}") = "Application", "Application\Application.csproj", "{BE3F56BA-6B18-43C9-86D2-591CA8784D6C}"
EndProject
Project("{FAE04EC0-301F-11D3-BF4B-00C04F79EFBC}") = "Infrastructure", "Infrastructure\Infrastructure.csproj", "{A563707F-0DDB-4F06-A455-AFE20BC59759}"
EndProject
Global
	GlobalSection(SolutionConfigurationPlatforms) = preSolution
		Debug|Any CPU = Debug|Any CPU
		Release|Any CPU = Release|Any CPU
	EndGlobalSection
	GlobalSection(ProjectConfigurationPlatforms) = postSolution
		{5349694C-BCFA-49FC-B038-C6662A2DA44A}.Debug|Any CPU.ActiveCfg = Debug|Any CPU
		{5349694C-BCFA-49FC-B038-C6662A2DA44A}.Debug|Any CPU.Build.0 = Debug|Any CPU
		{5349694C-BCFA-49FC-B038-C6662A2DA44A}.Release|Any CPU.ActiveCfg = Release|Any CPU
		{5349694C-BCFA-49FC-B038-C6662A2DA44A}.Release|Any CPU.Build.0 = Release|Any CPU
		{52F4F91B-0A73-4ADF-9E85-70BF19151590}.Debug|Any CPU.ActiveCfg = Debug|Any CPU
		{52F4F91B-0A73-4ADF-9E85-70BF19151590}.Debug|Any CPU.Build.0 = Debug|Any CPU
		{52F4F91B-0A73-4ADF-9E85-70BF19151590}.Release|Any CPU.ActiveCfg = Release|Any CPU
		{52F4F91B-0A73-4ADF-9E85-70BF19151590}.Release|Any CPU.Build.0 = Release|Any CPU
		{BE3F56BA-6B18-43C9-86D2-591CA8784D6C}.Debug|Any CPU.ActiveCfg = Debug|Any CPU
		{BE3F56BA-6B18-43C9-86D2-591CA8784D6C}.Debug|Any CPU.Build.0 = Debug|Any CPU
		{BE3F56BA-6B18-43C9-86D2-591CA8784D6C}.Release|Any CPU.ActiveCfg = Release|Any CPU
		{BE3F56BA-6B18-43C9-86D2-591CA8784D6C}.Release|Any CPU.Build.0 = Release|Any CPU
		{A563707F-0DDB-4F06-A455-AFE20BC59759}.Debug|Any CPU.ActiveCfg = Debug|Any CPU
		{A563707F-0DDB-4F06-A455-AFE20BC59759}.Debug|Any CPU.Build.0 = Debug|Any CPU
		{A563707F-0DDB-4F06-A455-AFE20BC59759}.Release|Any CPU.ActiveCfg = Release|Any CPU
		{A563707F-0DDB-4F06-A455-AFE20BC59759}.Release|Any CPU.Build.0 = Release|Any CPU
	EndGlobalSection
EndGlobal
